{
  "lockfileVersion": 1,
  "configVersion": 1,
  "workspaces": {
    "": {
      "name": "@financial-graph/shared",
      "dependencies": {
        "@instantdb/core": "^0.22.96",
        "fast-check": "^4.5.3",
        "uuid": "^13.0.0",
        "zod": "^4.3.5",
      },
      "devDependencies": {
        "@types/bun": "^1.3.5",
        "@types/node": "^25.0.3",
        "@types/uuid": "^11.0.0",
        "typescript": "^5.9.3",
      },
    },
  },
  "packages": {
    "@instantdb/core": ["@instantdb/core@0.22.101", "", { "dependencies": { "@instantdb/version": "0.22.101", "mutative": "^1.0.10", "uuid": "^11.1.0" } }, "sha512-MgXWgjcRreFqNtaslgqcGh8xheOxPG/uNrTl8tbey5G5B6Vr67kJ2jmUEBBSJwEhR+qJ8nuqikOHK4w+JdPSEg=="],

    "@instantdb/version": ["@instantdb/version@0.22.101", "", {}, "sha512-o88gribsmHGmGckODFBSs18G9PnCAsDUBusDQbcFVdVMqB0sI27a2tyEJDvd+YCyN+eXh5FuYoJwgxgRsABq7g=="],

    "@types/bun": ["@types/bun@1.3.9", "", { "dependencies": { "bun-types": "1.3.9" } }, "sha512-KQ571yULOdWJiMH+RIWIOZ7B2RXQGpL1YQrBtLIV3FqDcCu6FsbFUBwhdKUlCKUpS3PJDsHlJ1QKlpxoVR+xtw=="],

    "@types/node": ["@types/node@25.0.6", "", { "dependencies": { "undici-types": "~7.16.0" } }, "sha512-NNu0sjyNxpoiW3YuVFfNz7mxSQ+S4X2G28uqg2s+CzoqoQjLPsWSbsFFyztIAqt2vb8kfEAsJNepMGPTxFDx3Q=="],

    "@types/uuid": ["@types/uuid@11.0.0", "", { "dependencies": { "uuid": "*" } }, "sha512-HVyk8nj2m+jcFRNazzqyVKiZezyhDKrGUA3jlEcg/nZ6Ms+qHwocba1Y/AaVaznJTAM9xpdFSh+ptbNrhOGvZA=="],

    "bun-types": ["bun-types@1.3.9", "", { "dependencies": { "@types/node": "*" } }, "sha512-+UBWWOakIP4Tswh0Bt0QD0alpTY8cb5hvgiYeWCMet9YukHbzuruIEeXC2D7nMJPB12kbh8C7XJykSexEqGKJg=="],

    "fast-check": ["fast-check@4.5.3", "", { "dependencies": { "pure-rand": "^7.0.0" } }, "sha512-IE9csY7lnhxBnA8g/WI5eg/hygA6MGWJMSNfFRrBlXUciADEhS1EDB0SIsMSvzubzIlOBbVITSsypCsW717poA=="],

    "mutative": ["mutative@1.3.0", "", {}, "sha512-8MJj6URmOZAV70dpFe1YnSppRTKC4DsMkXQiBDFayLcDI4ljGokHxmpqaBQuDWa4iAxWaJJ1PS8vAmbntjjKmQ=="],

    "pure-rand": ["pure-rand@7.0.1", "", {}, "sha512-oTUZM/NAZS8p7ANR3SHh30kXB+zK2r2BPcEn/awJIbOvq82WoMN4p62AWWp3Hhw50G0xMsw1mhIBLqHw64EcNQ=="],

    "typescript": ["typescript@5.9.3", "", { "bin": { "tsc": "bin/tsc", "tsserver": "bin/tsserver" } }, "sha512-jl1vZzPDinLr9eUt3J/t7V6FgNEw9QjvBPdysz9KfQDD41fQrC2Y4vKQdiaUpFT4bXlb1RHhLpp8wtm6M5TgSw=="],

    "undici-types": ["undici-types@7.16.0", "", {}, "sha512-Zz+aZWSj8LE6zoxD+xrjh4VfkIG8Ya6LvYkZqtUQGJPZjYl53ypCaUwWqo7eI0x66KBGeRo+mlBEkMSeSZ38Nw=="],

    "uuid": ["uuid@13.0.0", "", { "bin": { "uuid": "dist-node/bin/uuid" } }, "sha512-XQegIaBTVUjSHliKqcnFqYypAd4S+WCYt5NIeRs6w/UAry7z8Y9j5ZwRRL4kzq9U3sD6v+85er9FvkEaBpji2w=="],

    "zod": ["zod@4.3.6", "", {}, "sha512-rftlrkhHZOcjDwkGlnUtZZkvaPHCsDATp4pGpuOOMDaTdDDXF91wuVDJoWoPsKX/3YPQ5fHuF3STjcYyKr+Qhg=="],

    "@instantdb/core/uuid": ["uuid@11.1.0", "", { "bin": { "uuid": "dist/esm/bin/uuid" } }, "sha512-0/A9rDy9P7cJ+8w1c9WD9V//9Wj15Ce2MPz8Ri6032usz+NfePxx5AcN3bN+r6ZL6jEo066/yNYB3tn4pQEx+A=="],
  }
}
