{
  "lockfileVersion": 1,
  "configVersion": 1,
  "workspaces": {
    "": {
      "name": "@financial-graph/shared",
      "dependencies": {
        "@instantdb/core": "^0.22.96",
      },
      "devDependencies": {
        "@types/node": "^25.0.3",
        "typescript": "^5.9.3",
      },
    },
  },
  "packages": {
    "@instantdb/core": ["@instantdb/core@0.22.101", "", { "dependencies": { "@instantdb/version": "0.22.101", "mutative": "^1.0.10", "uuid": "^11.1.0" } }, "sha512-MgXWgjcRreFqNtaslgqcGh8xheOxPG/uNrTl8tbey5G5B6Vr67kJ2jmUEBBSJwEhR+qJ8nuqikOHK4w+JdPSEg=="],

    "@instantdb/version": ["@instantdb/version@0.22.101", "", {}, "sha512-o88gribsmHGmGckODFBSs18G9PnCAsDUBusDQbcFVdVMqB0sI27a2tyEJDvd+YCyN+eXh5FuYoJwgxgRsABq7g=="],

    "@types/node": ["@types/node@25.0.6", "", { "dependencies": { "undici-types": "~7.16.0" } }, "sha512-NNu0sjyNxpoiW3YuVFfNz7mxSQ+S4X2G28uqg2s+CzoqoQjLPsWSbsFFyztIAqt2vb8kfEAsJNepMGPTxFDx3Q=="],

    "mutative": ["mutative@1.3.0", "", {}, "sha512-8MJj6URmOZAV70dpFe1YnSppRTKC4DsMkXQiBDFayLcDI4ljGokHxmpqaBQuDWa4iAxWaJJ1PS8vAmbntjjKmQ=="],

    "typescript": ["typescript@5.9.3", "", { "bin": { "tsc": "bin/tsc", "tsserver": "bin/tsserver" } }, "sha512-jl1vZzPDinLr9eUt3J/t7V6FgNEw9QjvBPdysz9KfQDD41fQrC2Y4vKQdiaUpFT4bXlb1RHhLpp8wtm6M5TgSw=="],

    "undici-types": ["undici-types@7.16.0", "", {}, "sha512-Zz+aZWSj8LE6zoxD+xrjh4VfkIG8Ya6LvYkZqtUQGJPZjYl53ypCaUwWqo7eI0x66KBGeRo+mlBEkMSeSZ38Nw=="],

    "uuid": ["uuid@11.1.0", "", { "bin": { "uuid": "dist/esm/bin/uuid" } }, "sha512-0/A9rDy9P7cJ+8w1c9WD9V//9Wj15Ce2MPz8Ri6032usz+NfePxx5AcN3bN+r6ZL6jEo066/yNYB3tn4pQEx+A=="],
  }
}
