{
  "name": "@financial-graph/shared",
  "version": "1.0.0",
  "lockfileVersion": 3,
  "requires": true,
  "packages": {
    "": {
      "name": "@financial-graph/shared",
      "version": "1.0.0",
      "license": "ISC",
      "dependencies": {
        "@instantdb/core": "^0.22.96"
      },
      "devDependencies": {
        "typescript": "^5.9.3"
      }
    },
    "node_modules/@instantdb/core": {
      "version": "0.22.98",
      "resolved": "https://registry.npmjs.org/@instantdb/core/-/core-0.22.98.tgz",
      "integrity": "sha512-amRAlGSx7WEogGKdwOn6QG58GxFqoKDRM3cfhPl1xZxEZo9bVa5zKDCNig5Rs/fK0KGvQ8LZoGQS1tDYuS14kQ==",
      "dependencies": {
        "@instantdb/version": "0.22.98",
        "mutative": "^1.0.10",
        "uuid": "^11.1.0"
      }
    },
    "node_modules/@instantdb/version": {
      "version": "0.22.98",
      "resolved": "https://registry.npmjs.org/@instantdb/version/-/version-0.22.98.tgz",
      "integrity": "sha512-+Nm9HCZWSmB0cECelMNBaFMeYy91zs9SlLBwhtjvwpG18V5PcLEeckt0WjOC5bj8IaMzqFJZy1Hv6RI2XvRApA=="
    },
    "node_modules/mutative": {
      "version": "1.3.0",
      "resolved": "https://registry.npmjs.org/mutative/-/mutative-1.3.0.tgz",
      "integrity": "sha512-8MJj6URmOZAV70dpFe1YnSppRTKC4DsMkXQiBDFayLcDI4ljGokHxmpqaBQuDWa4iAxWaJJ1PS8vAmbntjjKmQ==",
      "license": "MIT",
      "engines": {
        "node": ">=14.0"
      }
    },
    "node_modules/typescript": {
      "version": "5.9.3",
      "resolved": "https://registry.npmjs.org/typescript/-/typescript-5.9.3.tgz",
      "integrity": "sha512-jl1vZzPDinLr9eUt3J/t7V6FgNEw9QjvBPdysz9KfQDD41fQrC2Y4vKQdiaUpFT4bXlb1RHhLpp8wtm6M5TgSw==",
      "dev": true,
      "license": "Apache-2.0",
      "bin": {
        "tsc": "bin/tsc",
        "tsserver": "bin/tsserver"
      },
      "engines": {
        "node": ">=14.17"
      }
    },
    "node_modules/uuid": {
      "version": "11.1.0",
      "resolved": "https://registry.npmjs.org/uuid/-/uuid-11.1.0.tgz",
      "integrity": "sha512-0/A9rDy9P7cJ+8w1c9WD9V//9Wj15Ce2MPz8Ri6032usz+NfePxx5AcN3bN+r6ZL6jEo066/yNYB3tn4pQEx+A==",
      "funding": [
        "https://github.com/sponsors/broofa",
        "https://github.com/sponsors/ctavan"
      ],
      "license": "MIT",
      "bin": {
        "uuid": "dist/esm/bin/uuid"
      }
    }
  }
}
